# This file is automatically @generated by Cargo.
# It is not intended for manual editing.
version = 3

[[package]]
name = "timpl"
version = "0.1.0-alpha.2"
dependencies = [
 "timpl-decl",
 "timpl-internal",
 "timpl-proc",
]

[[package]]
name = "timpl-decl"
version = "0.1.0-alpha.2"
dependencies = [
 "timpl-proc",
]

[[package]]
name = "timpl-internal"
version = "0.1.0-alpha.2"

[[package]]
name = "timpl-proc"
version = "0.1.0-alpha.2"
dependencies = [
 "timpl-internal",
]
